{
  "name": "@your/super-app",
  "version": "1.0.0",
  "lockfileVersion": 1,
  "requires": true,
  "dependencies": {
    "@damlys/dockerfile": {
      "version": "0.5.1",
      "resolved": "https://registry.npmjs.org/@damlys/dockerfile/-/dockerfile-0.5.1.tgz",
      "integrity": "sha512-MnCZaoVYk9B6G+95I9p7sMq6rhX/LJkw5xRgMa6TlnDW8HSOao1mCfIsdoKuw++JCk8FxpPA0txXdwfZ2QJp4g==",
      "dev": true
    }
  }
}
